<?xml version="1.0" encoding="UTF-8" standalone="yes" ?>
<CodeBlocks_project_file>
	<FileVersion major="1" minor="6" />
	<Project>
		<Option title="FreeTumble" />
		<Option pch_mode="2" />
		<Option compiler="gcc" />
		<Build>
			<Target title="Debug">
				<Option output="bin/Debug/FreeTumble" prefix_auto="1" extension_auto="1" />
				<Option object_output="obj/Debug/" />
				<Option type="1" />
				<Option compiler="gcc" />
				<Compiler>
					<Add option="-g" />
				</Compiler>
			</Target>
			<Target title="Release">
				<Option output="bin/Release/FreeTumble" prefix_auto="1" extension_auto="1" />
				<Option object_output="obj/Release/" />
				<Option type="0" />
				<Option compiler="gcc" />
				<Compiler>
					<Add option="-O2" />
				</Compiler>
				<Linker>
					<Add option="-s" />
				</Linker>
			</Target>
		</Build>
		<Compiler>
			<Add option="-Wall" />
			<Add option="-fexceptions" />
		</Compiler>
		<Linker>
			<Add option="-lsfml-graphics" />
			<Add option="-lsfml-window" />
			<Add option="-lsfml-system" />
			<Add option="-lsfml-audio" />
		</Linker>
		<Unit filename="src/contraints.h" />
		<Unit filename="src/gameEngine/GameInput.cpp" />
		<Unit filename="src/gameEngine/GameInput.h" />
		<Unit filename="src/gameEngine/GameMain.cpp" />
		<Unit filename="src/gameEngine/GameMain.h" />
		<Unit filename="src/gameEngine/GameModel.cpp" />
		<Unit filename="src/gameEngine/GameModel.h" />
		<Unit filename="src/gameEngine/GameScores.cpp" />
		<Unit filename="src/gameEngine/GameScores.h" />
		<Unit filename="src/gameEngine/Menu.cpp" />
		<Unit filename="src/gameEngine/Menu.h" />
		<Unit filename="src/gameEngine/MenuEntry.cpp" />
		<Unit filename="src/gameEngine/MenuEntry.h" />
		<Unit filename="src/gfxEngine/EntityManager.cpp" />
		<Unit filename="src/gfxEngine/EntityManager.h" />
		<Unit filename="src/gfxEngine/GameEntity.cpp" />
		<Unit filename="src/gfxEngine/GameEntity.h" />
		<Unit filename="src/gfxEngine/GfxEngine.cpp" />
		<Unit filename="src/gfxEngine/GfxEngine.h" />
		<Unit filename="src/gfxEngine/MyTools.h" />
		<Unit filename="src/languages.h" />
		<Unit filename="src/main.cpp" />
		<Extensions>
			<code_completion />
			<debugger />
		</Extensions>
	</Project>
</CodeBlocks_project_file>
